{
  "name": "recdet",
  "version": "1.0.0",
  "lockfileVersion": 1,
  "requires": true,
  "dependencies": {
    "@types/node": {
      "version": "9.4.7",
      "resolved": "https://registry.npmjs.org/@types/node/-/node-9.4.7.tgz",
      "integrity": "sha512-4Ba90mWNx8ddbafuyGGwjkZMigi+AWfYLSDCpovwsE63ia8w93r3oJ8PIAQc3y8U+XHcnMOHPIzNe3o438Ywcw=="
    },
    "@types/parsimmon": {
      "version": "1.6.1",
      "resolved": "https://registry.npmjs.org/@types/parsimmon/-/parsimmon-1.6.1.tgz",
      "integrity": "sha512-JdPkIcXDnNiDD6k2FKrB12YWQ5Bcq3hX2DovpU+IGg8yg/aKCTT5xKJVKRXbts1GGXi5P8T8KpCJT98WWjCyGw==",
      "dev": true
    },
    "parsimmon": {
      "version": "1.7.1",
      "resolved": "https://registry.npmjs.org/parsimmon/-/parsimmon-1.7.1.tgz",
      "integrity": "sha512-0amvvPUst/XG6qJWmLc2yDBdEcXRbvG9ENcYefC2KdYNZQVf7MJlpVgeJAapyiJGk6TdNSwA/mncM9rYMMQ9DA==",
      "dev": true
    },
    "typescript": {
      "version": "2.7.2",
      "resolved": "https://registry.npmjs.org/typescript/-/typescript-2.7.2.tgz",
      "integrity": "sha512-p5TCYZDAO0m4G344hD+wx/LATebLWZNkkh2asWUFqSsD2OrDNhbAHuSjobrmsUmdzjJjEeZVU9g1h3O6vpstnw==",
      "dev": true
    }
  }
}
